{
  "name": "notion-automations",
  "version": "1.0.0",
  "lockfileVersion": 3,
  "requires": true,
  "packages": {
    "": {
      "name": "notion-automations",
      "version": "1.0.0",
      "license": "ISC",
      "dependencies": {
        "@notionhq/client": "^3.0.1",
        "dotenv": "^16.5.0"
      }
    },
    "node_modules/@notionhq/client": {
      "version": "3.0.1",
      "resolved": "https://registry.npmjs.org/@notionhq/client/-/client-3.0.1.tgz",
      "integrity": "sha512-vHtFKrRKQg2PZSky1A9fTe+L9/WxNYRJWHmD6ZiBNgeN5jnFmv27ootRl9ROzEm/N+mOxfTo37EnuCHsaPgETg==",
      "license": "MIT",
      "engines": {
        "node": ">=18"
      }
    },
    "node_modules/dotenv": {
      "version": "16.5.0",
      "resolved": "https://registry.npmjs.org/dotenv/-/dotenv-16.5.0.tgz",
      "integrity": "sha512-m/C+AwOAr9/W1UOIZUo232ejMNnJAJtYQjUbHoNTBNTJSvqzzDh7vnrei3o3r3m9blf6ZoDkvcw0VmozNRFJxg==",
      "license": "BSD-2-Clause",
      "engines": {
        "node": ">=12"
      },
      "funding": {
        "url": "https://dotenvx.com"
      }
    }
  }
}
